
Microsoft Visual Studio Solution File, Format Version 12.00
# Visual Studio Version 17
VisualStudioVersion = 17.12.35527.113 d17.12
MinimumVisualStudioVersion = 10.0.40219.1
Project("{FAE04EC0-301F-11D3-BF4B-00C04F79EFBC}") = "21325s1", "21325s1\21325s1.csproj", "{AF95B3A7-C751-469D-9252-5CCF9D8F25EF}"
EndProject
Project("{FAE04EC0-301F-11D3-BF4B-00C04F79EFBC}") = "21325s2", "21325s2\21325s2.csproj", "{8EC07AF8-1E5E-4AD7-B975-94EE5AD89DBB}"
EndProject
Project("{FAE04EC0-301F-11D3-BF4B-00C04F79EFBC}") = "21325q1", "21325q1\21325q1.csproj", "{504DD018-2F09-4534-B5A7-EB58F0B77EAE}"
EndProject
Project("{FAE04EC0-301F-11D3-BF4B-00C04F79EFBC}") = "21325q2", "21325q2\21325q2.csproj", "{6F65567E-26AE-4CE0-81D1-0E327C24C924}"
EndProject
Global
	GlobalSection(SolutionConfigurationPlatforms) = preSolution
		Debug|Any CPU = Debug|Any CPU
		Release|Any CPU = Release|Any CPU
	EndGlobalSection
	GlobalSection(ProjectConfigurationPlatforms) = postSolution
		{AF95B3A7-C751-469D-9252-5CCF9D8F25EF}.Debug|Any CPU.ActiveCfg = Debug|Any CPU
		{AF95B3A7-C751-469D-9252-5CCF9D8F25EF}.Debug|Any CPU.Build.0 = Debug|Any CPU
		{AF95B3A7-C751-469D-9252-5CCF9D8F25EF}.Release|Any CPU.ActiveCfg = Release|Any CPU
		{AF95B3A7-C751-469D-9252-5CCF9D8F25EF}.Release|Any CPU.Build.0 = Release|Any CPU
		{8EC07AF8-1E5E-4AD7-B975-94EE5AD89DBB}.Debug|Any CPU.ActiveCfg = Debug|Any CPU
		{8EC07AF8-1E5E-4AD7-B975-94EE5AD89DBB}.Debug|Any CPU.Build.0 = Debug|Any CPU
		{8EC07AF8-1E5E-4AD7-B975-94EE5AD89DBB}.Release|Any CPU.ActiveCfg = Release|Any CPU
		{8EC07AF8-1E5E-4AD7-B975-94EE5AD89DBB}.Release|Any CPU.Build.0 = Release|Any CPU
		{504DD018-2F09-4534-B5A7-EB58F0B77EAE}.Debug|Any CPU.ActiveCfg = Debug|Any CPU
		{504DD018-2F09-4534-B5A7-EB58F0B77EAE}.Debug|Any CPU.Build.0 = Debug|Any CPU
		{504DD018-2F09-4534-B5A7-EB58F0B77EAE}.Release|Any CPU.ActiveCfg = Release|Any CPU
		{504DD018-2F09-4534-B5A7-EB58F0B77EAE}.Release|Any CPU.Build.0 = Release|Any CPU
		{6F65567E-26AE-4CE0-81D1-0E327C24C924}.Debug|Any CPU.ActiveCfg = Debug|Any CPU
		{6F65567E-26AE-4CE0-81D1-0E327C24C924}.Debug|Any CPU.Build.0 = Debug|Any CPU
		{6F65567E-26AE-4CE0-81D1-0E327C24C924}.Release|Any CPU.ActiveCfg = Release|Any CPU
		{6F65567E-26AE-4CE0-81D1-0E327C24C924}.Release|Any CPU.Build.0 = Release|Any CPU
	EndGlobalSection
	GlobalSection(SolutionProperties) = preSolution
		HideSolutionNode = FALSE
	EndGlobalSection
EndGlobal
